
Microsoft Visual Studio Solution File, Format Version 12.00
# Visual Studio Version 17
VisualStudioVersion = 17.4.33213.308
MinimumVisualStudioVersion = 10.0.40219.1
Project("{FAE04EC0-301F-11D3-BF4B-00C04F79EFBC}") = "SealedClass", "SealedClass\SealedClass.csproj", "{62CD6B3C-7FE6-4AF1-B0CC-E58B7AA8DD42}"
EndProject
Global
	GlobalSection(SolutionConfigurationPlatforms) = preSolution
		Debug|Any CPU = Debug|Any CPU
		Release|Any CPU = Release|Any CPU
	EndGlobalSection
	GlobalSection(ProjectConfigurationPlatforms) = postSolution
		{62CD6B3C-7FE6-4AF1-B0CC-E58B7AA8DD42}.Debug|Any CPU.ActiveCfg = Debug|Any CPU
		{62CD6B3C-7FE6-4AF1-B0CC-E58B7AA8DD42}.Debug|Any CPU.Build.0 = Debug|Any CPU
		{62CD6B3C-7FE6-4AF1-B0CC-E58B7AA8DD42}.Release|Any CPU.ActiveCfg = Release|Any CPU
		{62CD6B3C-7FE6-4AF1-B0CC-E58B7AA8DD42}.Release|Any CPU.Build.0 = Release|Any CPU
	EndGlobalSection
	GlobalSection(SolutionProperties) = preSolution
		HideSolutionNode = FALSE
	EndGlobalSection
	GlobalSection(ExtensibilityGlobals) = postSolution
		SolutionGuid = {E27E2933-228F-4535-938C-9AD22F59F047}
	EndGlobalSection
EndGlobal
